// !$*UTF8*$!
{
	archiveVersion = 1;
	classes = {
	};
	objectVersion = 50;
	objects = {

/* Begin PBXBuildFile section */
		EF1E2EF02428CFD400486753 /* AppDelegate.m in Sources */ = {isa = PBXBuildFile; fileRef = EF1E2EEF2428CFD400486753 /* AppDelegate.m */; };
		EF1E2EF32428CFD400486753 /* SceneDelegate.m in Sources */ = {isa = PBXBuildFile; fileRef = EF1E2EF22428CFD400486753 /* SceneDelegate.m */; };
		EF1E2EF62428CFD400486753 /* ViewController.m in Sources */ = {isa = PBXBuildFile; fileRef = EF1E2EF52428CFD400486753 /* ViewController.m */; };
		EF1E2EF92428CFD400486753 /* Main.storyboard in Resources */ = {isa = PBXBuildFile; fileRef = EF1E2EF72428CFD400486753 /* Main.storyboard */; };
		EF1E2EFB2428CFD600486753 /* Assets.xcassets in Resources */ = {isa = PBXBuildFile; fileRef = EF1E2EFA2428CFD600486753 /* Assets.xcassets */; };
		EF1E2EFE2428CFD600486753 /* LaunchScreen.storyboard in Resources */ = {isa = PBXBuildFile; fileRef = EF1E2EFC2428CFD600486753 /* LaunchScreen.storyboard */; };
		EF1E2F012428CFD600486753 /* main.m in Sources */ = {isa = PBXBuildFile; fileRef = EF1E2F002428CFD600486753 /* main.m */; };
		EF503C72242E3E6A00148B7A /* MapVC.m in Sources */ = {isa = PBXBuildFile; fileRef = EF503C71242E3E6A00148B7A /* MapVC.m */; };
		EF503C75242E420800148B7A /* Map.m in Sources */ = {isa = PBXBuildFile; fileRef = EF503C74242E420800148B7A /* Map.m */; };
/* End PBXBuildFile section */

/* Begin PBXFileReference section */
		EF1E2EEB2428CFD400486753 /* CLGeocoder.app */ = {isa = PBXFileReference; explicitFileType = wrapper.application; includeInIndex = 0; path = CLGeocoder.app; sourceTree = BUILT_PRODUCTS_DIR; };
		EF1E2EEE2428CFD400486753 /* AppDelegate.h */ = {isa = PBXFileReference; lastKnownFileType = sourcecode.c.h; path = AppDelegate.h; sourceTree = "<group>"; };
		EF1E2EEF2428CFD400486753 /* AppDelegate.m */ = {isa = PBXFileReference; lastKnownFileType = sourcecode.c.objc; path = AppDelegate.m; sourceTree = "<group>"; };
		EF1E2EF12428CFD400486753 /* SceneDelegate.h */ = {isa = PBXFileReference; lastKnownFileType = sourcecode.c.h; path = SceneDelegate.h; sourceTree = "<group>"; };
		EF1E2EF22428CFD400486753 /* SceneDelegate.m */ = {isa = PBXFileReference; lastKnownFileType = sourcecode.c.objc; path = SceneDelegate.m; sourceTree = "<group>"; };
		EF1E2EF42428CFD400486753 /* ViewController.h */ = {isa = PBXFileReference; lastKnownFileType = sourcecode.c.h; path = ViewController.h; sourceTree = "<group>"; };
		EF1E2EF52428CFD400486753 /* ViewController.m */ = {isa = PBXFileReference; lastKnownFileType = sourcecode.c.objc; path = ViewController.m; sourceTree = "<group>"; };
		EF1E2EF82428CFD400486753 /* Base */ = {isa = PBXFileReference; lastKnownFileType = file.storyboard; name = Base; path = Base.lproj/Main.storyboard; sourceTree = "<group>"; };
		EF1E2EFA2428CFD600486753 /* Assets.xcassets */ = {isa = PBXFileReference; lastKnownFileType = folder.assetcatalog; path = Assets.xcassets; sourceTree = "<group>"; };
		EF1E2EFD2428CFD600486753 /* Base */ = {isa = PBXFileReference; lastKnownFileType = file.storyboard; name = Base; path = Base.lproj/LaunchScreen.storyboard; sourceTree = "<group>"; };
		EF1E2EFF2428CFD600486753 /* Info.plist */ = {isa = PBXFileReference; lastKnownFileType = text.plist.xml; path = Info.plist; sourceTree = "<group>"; };
		EF1E2F002428CFD600486753 /* main.m */ = {isa = PBXFileReference; lastKnownFileType = sourcecode.c.objc; path = main.m; sourceTree = "<group>"; };
		EF503C70242E3E6A00148B7A /* MapVC.h */ = {isa = PBXFileReference; lastKnownFileType = sourcecode.c.h; path = MapVC.h; sourceTree = "<group>"; };
		EF503C71242E3E6A00148B7A /* MapVC.m */ = {isa = PBXFileReference; lastKnownFileType = sourcecode.c.objc; path = MapVC.m; sourceTree = "<group>"; };
		EF503C73242E420800148B7A /* Map.h */ = {isa = PBXFileReference; lastKnownFileType = sourcecode.c.h; path = Map.h; sourceTree = "<group>"; };
		EF503C74242E420800148B7A /* Map.m */ = {isa = PBXFileReference; lastKnownFileType = sourcecode.c.objc; path = Map.m; sourceTree = "<group>"; };
/* End PBXFileReference section */

/* Begin PBXFrameworksBuildPhase section */
		EF1E2EE82428CFD400486753 /* Frameworks */ = {
			isa = PBXFrameworksBuildPhase;
			buildActionMask = 2147483647;
			files = (
			);
			runOnlyForDeploymentPostprocessing = 0;
		};
/* End PBXFrameworksBuildPhase section */

/* Begin PBXGroup section */
		EF1E2EE22428CFD400486753 = {
			isa = PBXGroup;
			children = (
				EF1E2EED2428CFD400486753 /* CLGeocoder */,
				EF1E2EEC2428CFD400486753 /* Products */,
			);
			sourceTree = "<group>";
		};
		EF1E2EEC2428CFD400486753 /* Products */ = {
			isa = PBXGroup;
			children = (
				EF1E2EEB2428CFD400486753 /* CLGeocoder.app */,
			);
			name = Products;
			sourceTree = "<group>";
		};
		EF1E2EED2428CFD400486753 /* CLGeocoder */ = {
			isa = PBXGroup;
			children = (
				EF503C77242E424900148B7A /* Foundation */,
				EF503C78242E427600148B7A /* Controllers */,
				EF503C76242E423900148B7A /* View */,
				EF1E2EFA2428CFD600486753 /* Assets.xcassets */,
				EF1E2EF72428CFD400486753 /* Main.storyboard */,
				EF1E2EFC2428CFD600486753 /* LaunchScreen.storyboard */,
				EF1E2EFF2428CFD600486753 /* Info.plist */,
				EF1E2F002428CFD600486753 /* main.m */,
			);
			path = CLGeocoder;
			sourceTree = "<group>";
		};
		EF503C76242E423900148B7A /* View */ = {
			isa = PBXGroup;
			children = (
				EF503C73242E420800148B7A /* Map.h */,
				EF503C74242E420800148B7A /* Map.m */,
			);
			path = View;
			sourceTree = "<group>";
		};
		EF503C77242E424900148B7A /* Foundation */ = {
			isa = PBXGroup;
			children = (
				EF1E2EEE2428CFD400486753 /* AppDelegate.h */,
				EF1E2EEF2428CFD400486753 /* AppDelegate.m */,
				EF1E2EF12428CFD400486753 /* SceneDelegate.h */,
				EF1E2EF22428CFD400486753 /* SceneDelegate.m */,
			);
			path = Foundation;
			sourceTree = "<group>";
		};
		EF503C78242E427600148B7A /* Controllers */ = {
			isa = PBXGroup;
			children = (
				EF1E2EF42428CFD400486753 /* ViewController.h */,
				EF1E2EF52428CFD400486753 /* ViewController.m */,
				EF503C70242E3E6A00148B7A /* MapVC.h */,
				EF503C71242E3E6A00148B7A /* MapVC.m */,
			);
			path = Controllers;
			sourceTree = "<group>";
		};
/* End PBXGroup section */

/* Begin PBXNativeTarget section */
		EF1E2EEA2428CFD400486753 /* CLGeocoder */ = {
			isa = PBXNativeTarget;
			buildConfigurationList = EF1E2F042428CFD600486753 /* Build configuration list for PBXNativeTarget "CLGeocoder" */;
			buildPhases = (
				EF1E2EE72428CFD400486753 /* Sources */,
				EF1E2EE82428CFD400486753 /* Frameworks */,
				EF1E2EE92428CFD400486753 /* Resources */,
			);
			buildRules = (
			);
			dependencies = (
			);
			name = CLGeocoder;
			productName = CLGeocoder;
			productReference = EF1E2EEB2428CFD400486753 /* CLGeocoder.app */;
			productType = "com.apple.product-type.application";
		};
/* End PBXNativeTarget section */

/* Begin PBXProject section */
		EF1E2EE32428CFD400486753 /* Project object */ = {
			isa = PBXProject;
			attributes = {
				LastUpgradeCheck = 1130;
				ORGANIZATIONNAME = "Кирилл Титов";
				TargetAttributes = {
					EF1E2EEA2428CFD400486753 = {
						CreatedOnToolsVersion = 11.3.1;
					};
				};
			};
			buildConfigurationList = EF1E2EE62428CFD400486753 /* Build configuration list for PBXProject "CLGeocoder" */;
			compatibilityVersion = "Xcode 9.3";
			developmentRegion = en;
			hasScannedForEncodings = 0;
			knownRegions = (
				en,
				Base,
			);
			mainGroup = EF1E2EE22428CFD400486753;
			productRefGroup = EF1E2EEC2428CFD400486753 /* Products */;
			projectDirPath = "";
			projectRoot = "";
			targets = (
				EF1E2EEA2428CFD400486753 /* CLGeocoder */,
			);
		};
/* End PBXProject section */

/* Begin PBXResourcesBuildPhase section */
		EF1E2EE92428CFD400486753 /* Resources */ = {
			isa = PBXResourcesBuildPhase;
			buildActionMask = 2147483647;
			files = (
				EF1E2EFE2428CFD600486753 /* LaunchScreen.storyboard in Resources */,
				EF1E2EFB2428CFD600486753 /* Assets.xcassets in Resources */,
				EF1E2EF92428CFD400486753 /* Main.storyboard in Resources */,
			);
			runOnlyForDeploymentPostprocessing = 0;
		};
/* End PBXResourcesBuildPhase section */

/* Begin PBXSourcesBuildPhase section */
		EF1E2EE72428CFD400486753 /* Sources */ = {
			isa = PBXSourcesBuildPhase;
			buildActionMask = 2147483647;
			files = (
				EF503C75242E420800148B7A /* Map.m in Sources */,
				EF1E2EF62428CFD400486753 /* ViewController.m in Sources */,
				EF1E2EF02428CFD400486753 /* AppDelegate.m in Sources */,
				EF1E2F012428CFD600486753 /* main.m in Sources */,
				EF1E2EF32428CFD400486753 /* SceneDelegate.m in Sources */,
				EF503C72242E3E6A00148B7A /* MapVC.m in Sources */,
			);
			runOnlyForDeploymentPostprocessing = 0;
		};
/* End PBXSourcesBuildPhase section */

/* Begin PBXVariantGroup section */
		EF1E2EF72428CFD400486753 /* Main.storyboard */ = {
			isa = PBXVariantGroup;
			children = (
				EF1E2EF82428CFD400486753 /* Base */,
			);
			name = Main.storyboard;
			sourceTree = "<group>";
		};
		EF1E2EFC2428CFD600486753 /* LaunchScreen.storyboard */ = {
			isa = PBXVariantGroup;
			children = (
				EF1E2EFD2428CFD600486753 /* Base */,
			);
			name = LaunchScreen.storyboard;
			sourceTree = "<group>";
		};
/* End PBXVariantGroup section */

/* Begin XCBuildConfiguration section */
		EF1E2F022428CFD600486753 /* Debug */ = {
			isa = XCBuildConfiguration;
			buildSettings = {
				ALWAYS_SEARCH_USER_PATHS = NO;
				CLANG_ANALYZER_NONNULL = YES;
				CLANG_ANALYZER_NUMBER_OBJECT_CONVERSION = YES_AGGRESSIVE;
				CLANG_CXX_LANGUAGE_STANDARD = "gnu++14";
				CLANG_CXX_LIBRARY = "libc++";
				CLANG_ENABLE_MODULES = YES;
				CLANG_ENABLE_OBJC_ARC = YES;
				CLANG_ENABLE_OBJC_WEAK = YES;
				CLANG_WARN_BLOCK_CAPTURE_AUTORELEASING = YES;
				CLANG_WARN_BOOL_CONVERSION = YES;
				CLANG_WARN_COMMA = YES;
				CLANG_WARN_CONSTANT_CONVERSION = YES;
				CLANG_WARN_DEPRECATED_OBJC_IMPLEMENTATIONS = YES;
				CLANG_WARN_DIRECT_OBJC_ISA_USAGE = YES_ERROR;
				CLANG_WARN_DOCUMENTATION_COMMENTS = YES;
				CLANG_WARN_EMPTY_BODY = YES;
				CLANG_WARN_ENUM_CONVERSION = YES;
				CLANG_WARN_INFINITE_RECURSION = YES;
				CLANG_WARN_INT_CONVERSION = YES;
				CLANG_WARN_NON_LITERAL_NULL_CONVERSION = YES;
				CLANG_WARN_OBJC_IMPLICIT_RETAIN_SELF = YES;
				CLANG_WARN_OBJC_LITERAL_CONVERSION = YES;
				CLANG_WARN_OBJC_ROOT_CLASS = YES_ERROR;
				CLANG_WARN_RANGE_LOOP_ANALYSIS = YES;
				CLANG_WARN_STRICT_PROTOTYPES = YES;
				CLANG_WARN_SUSPICIOUS_MOVE = YES;
				CLANG_WARN_UNGUARDED_AVAILABILITY = YES_AGGRESSIVE;
				CLANG_WARN_UNREACHABLE_CODE = YES;
				CLANG_WARN__DUPLICATE_METHOD_MATCH = YES;
				COPY_PHASE_STRIP = NO;
				DEBUG_INFORMATION_FORMAT = dwarf;
				ENABLE_STRICT_OBJC_MSGSEND = YES;
				ENABLE_TESTABILITY = YES;
				GCC_C_LANGUAGE_STANDARD = gnu11;
				GCC_DYNAMIC_NO_PIC = NO;
				GCC_NO_COMMON_BLOCKS = YES;
				GCC_OPTIMIZATION_LEVEL = 0;
				GCC_PREPROCESSOR_DEFINITIONS = (
					"DEBUG=1",
					"$(inherited)",
				);
				GCC_WARN_64_TO_32_BIT_CONVERSION = YES;
				GCC_WARN_ABOUT_RETURN_TYPE = YES_ERROR;
				GCC_WARN_UNDECLARED_SELECTOR = YES;
				GCC_WARN_UNINITIALIZED_AUTOS = YES_AGGRESSIVE;
				GCC_WARN_UNUSED_FUNCTION = YES;
				GCC_WARN_UNUSED_VARIABLE = YES;
				IPHONEOS_DEPLOYMENT_TARGET = 13.2;
				MTL_ENABLE_DEBUG_INFO = INCLUDE_SOURCE;
				MTL_FAST_MATH = YES;
				ONLY_ACTIVE_ARCH = YES;
				SDKROOT = iphoneos;
			};
			name = Debug;
		};
		EF1E2F032428CFD600486753 /* Release */ = {
			isa = XCBuildConfiguration;
			buildSettings = {
				ALWAYS_SEARCH_USER_PATHS = NO;
				CLANG_ANALYZER_NONNULL = YES;
				CLANG_ANALYZER_NUMBER_OBJECT_CONVERSION = YES_AGGRESSIVE;
				CLANG_CXX_LANGUAGE_STANDARD = "gnu++14";
				CLANG_CXX_LIBRARY = "libc++";
				CLANG_ENABLE_MODULES = YES;
				CLANG_ENABLE_OBJC_ARC = YES;
				CLANG_ENABLE_OBJC_WEAK = YES;
				CLANG_WARN_BLOCK_CAPTURE_AUTORELEASING = YES;
				CLANG_WARN_BOOL_CONVERSION = YES;
				CLANG_WARN_COMMA = YES;
				CLANG_WARN_CONSTANT_CONVERSION = YES;
				CLANG_WARN_DEPRECATED_OBJC_IMPLEMENTATIONS = YES;
				CLANG_WARN_DIRECT_OBJC_ISA_USAGE = YES_ERROR;
				CLANG_WARN_DOCUMENTATION_COMMENTS = YES;
				CLANG_WARN_EMPTY_BODY = YES;
				CLANG_WARN_ENUM_CONVERSION = YES;
				CLANG_WARN_INFINITE_RECURSION = YES;
				CLANG_WARN_INT_CONVERSION = YES;
				CLANG_WARN_NON_LITERAL_NULL_CONVERSION = YES;
				CLANG_WARN_OBJC_IMPLICIT_RETAIN_SELF = YES;
				CLANG_WARN_OBJC_LITERAL_CONVERSION = YES;
				CLANG_WARN_OBJC_ROOT_CLASS = YES_ERROR;
				CLANG_WARN_RANGE_LOOP_ANALYSIS = YES;
				CLANG_WARN_STRICT_PROTOTYPES = YES;
				CLANG_WARN_SUSPICIOUS_MOVE = YES;
				CLANG_WARN_UNGUARDED_AVAILABILITY = YES_AGGRESSIVE;
				CLANG_WARN_UNREACHABLE_CODE = YES;
				CLANG_WARN__DUPLICATE_METHOD_MATCH = YES;
				COPY_PHASE_STRIP = NO;
				DEBUG_INFORMATION_FORMAT = "dwarf-with-dsym";
				ENABLE_NS_ASSERTIONS = NO;
				ENABLE_STRICT_OBJC_MSGSEND = YES;
				GCC_C_LANGUAGE_STANDARD = gnu11;
				GCC_NO_COMMON_BLOCKS = YES;
				GCC_WARN_64_TO_32_BIT_CONVERSION = YES;
				GCC_WARN_ABOUT_RETURN_TYPE = YES_ERROR;
				GCC_WARN_UNDECLARED_SELECTOR = YES;
				GCC_WARN_UNINITIALIZED_AUTOS = YES_AGGRESSIVE;
				GCC_WARN_UNUSED_FUNCTION = YES;
				GCC_WARN_UNUSED_VARIABLE = YES;
				IPHONEOS_DEPLOYMENT_TARGET = 13.2;
				MTL_ENABLE_DEBUG_INFO = NO;
				MTL_FAST_MATH = YES;
				SDKROOT = iphoneos;
				VALIDATE_PRODUCT = YES;
			};
			name = Release;
		};
		EF1E2F052428CFD600486753 /* Debug */ = {
			isa = XCBuildConfiguration;
			buildSettings = {
				ASSETCATALOG_COMPILER_APPICON_NAME = AppIcon;
				CODE_SIGN_STYLE = Automatic;
				DEVELOPMENT_TEAM = 9396A9KSNU;
				INFOPLIST_FILE = CLGeocoder/Info.plist;
				LD_RUNPATH_SEARCH_PATHS = (
					"$(inherited)",
					"@executable_path/Frameworks",
				);
				PRODUCT_BUNDLE_IDENTIFIER = nobody.CLGeocoder;
				PRODUCT_NAME = "$(TARGET_NAME)";
				TARGETED_DEVICE_FAMILY = "1,2";
			};
			name = Debug;
		};
		EF1E2F062428CFD600486753 /* Release */ = {
			isa = XCBuildConfiguration;
			buildSettings = {
				ASSETCATALOG_COMPILER_APPICON_NAME = AppIcon;
				CODE_SIGN_STYLE = Automatic;
				DEVELOPMENT_TEAM = 9396A9KSNU;
				INFOPLIST_FILE = CLGeocoder/Info.plist;
				LD_RUNPATH_SEARCH_PATHS = (
					"$(inherited)",
					"@executable_path/Frameworks",
				);
				PRODUCT_BUNDLE_IDENTIFIER = nobody.CLGeocoder;
				PRODUCT_NAME = "$(TARGET_NAME)";
				TARGETED_DEVICE_FAMILY = "1,2";
			};
			name = Release;
		};
/* End XCBuildConfiguration section */

/* Begin XCConfigurationList section */
		EF1E2EE62428CFD400486753 /* Build configuration list for PBXProject "CLGeocoder" */ = {
			isa = XCConfigurationList;
			buildConfigurations = (
				EF1E2F022428CFD600486753 /* Debug */,
				EF1E2F032428CFD600486753 /* Release */,
			);
			defaultConfigurationIsVisible = 0;
			defaultConfigurationName = Release;
		};
		EF1E2F042428CFD600486753 /* Build configuration list for PBXNativeTarget "CLGeocoder" */ = {
			isa = XCConfigurationList;
			buildConfigurations = (
				EF1E2F052428CFD600486753 /* Debug */,
				EF1E2F062428CFD600486753 /* Release */,
			);
			defaultConfigurationIsVisible = 0;
			defaultConfigurationName = Release;
		};
/* End XCConfigurationList section */
	};
	rootObject = EF1E2EE32428CFD400486753 /* Project object */;
}
